# THIS IS AN AUTOGENERATED FILE. DO NOT EDIT THIS FILE DIRECTLY.
# yarn lockfile v1
es6-defer:
  version "1.0.1"
  resolved "https://registry.yarnpkg.com/es6-defer/-/es6-defer-1.0.1.tgz#1ed71e0bc92d117fddae6abfdd948ae808f18861"

parser-toolkit@>=0.0.3:
  version "0.0.5"
  resolved "https://registry.yarnpkg.com/parser-toolkit/-/parser-toolkit-0.0.5.tgz#ec4b61729c86318b56ea971bfba6b3c672d62c01"

stream-json:
  version "0.4.2"
  resolved "https://registry.yarnpkg.com/stream-json/-/stream-json-0.4.2.tgz#53a33ee6bbc59b471eb43a857484f0af7670cbfd"
  dependencies:
    parser-toolkit ">=0.0.3"

